
Microsoft Visual Studio Solution File, Format Version 12.00
# Visual Studio Version 16
VisualStudioVersion = 16.0.30011.22
MinimumVisualStudioVersion = 10.0.40219.1
Project("{888888A0-9F3D-457C-B088-3A5042F75D52}") = "Second_root_number", "Second_root_number.pyproj", "{EF85226E-BC79-4D07-886E-A2B4D56CE1AA}"
EndProject
Global
	GlobalSection(SolutionConfigurationPlatforms) = preSolution
		Debug|Any CPU = Debug|Any CPU
		Release|Any CPU = Release|Any CPU
	EndGlobalSection
	GlobalSection(ProjectConfigurationPlatforms) = postSolution
		{EF85226E-BC79-4D07-886E-A2B4D56CE1AA}.Debug|Any CPU.ActiveCfg = Debug|Any CPU
		{EF85226E-BC79-4D07-886E-A2B4D56CE1AA}.Release|Any CPU.ActiveCfg = Release|Any CPU
	EndGlobalSection
	GlobalSection(SolutionProperties) = preSolution
		HideSolutionNode = FALSE
	EndGlobalSection
	GlobalSection(ExtensibilityGlobals) = postSolution
		SolutionGuid = {325E0089-62EB-47C8-A7EB-DDE2425BCC28}
	EndGlobalSection
EndGlobal
